
Microsoft Visual Studio Solution File, Format Version 12.00
# Visual Studio Version 18
VisualStudioVersion = 18.0.11005.162
MinimumVisualStudioVersion = 10.0.40219.1
Project("{9A19103F-16F7-4668-BE54-9A1E7A4F7556}") = "Fraction", "Meow.Math.Fraction\Fraction.csproj", "{6F6FA29B-7CF3-4429-99ED-72E7E824AF37}"
EndProject
Project("{9A19103F-16F7-4668-BE54-9A1E7A4F7556}") = "Bit", "Bit\Bit.csproj", "{4828A1BE-A969-43EE-AADE-2D71806B0E0C}"
EndProject
Project("{FAE04EC0-301F-11D3-BF4B-00C04F79EFBC}") = "GraphX", "GraphX\GraphX.csproj", "{646ABD18-3C77-5ECE-D6EA-5A9EB6CC3B31}"
EndProject
Project("{FAE04EC0-301F-11D3-BF4B-00C04F79EFBC}") = "GraphX.Tests", "GraphX.Tests\GraphX.Tests.csproj", "{4D0971AA-020C-487F-A783-55ACFEAB6FD9}"
EndProject
Global
	GlobalSection(SolutionConfigurationPlatforms) = preSolution
		Debug|Any CPU = Debug|Any CPU
		Debug|x64 = Debug|x64
		Debug|x86 = Debug|x86
		Release|Any CPU = Release|Any CPU
		Release|x64 = Release|x64
		Release|x86 = Release|x86
	EndGlobalSection
	GlobalSection(ProjectConfigurationPlatforms) = postSolution
		{6F6FA29B-7CF3-4429-99ED-72E7E824AF37}.Debug|Any CPU.ActiveCfg = Debug|Any CPU
		{6F6FA29B-7CF3-4429-99ED-72E7E824AF37}.Debug|Any CPU.Build.0 = Debug|Any CPU
		{6F6FA29B-7CF3-4429-99ED-72E7E824AF37}.Debug|x64.ActiveCfg = Debug|Any CPU
		{6F6FA29B-7CF3-4429-99ED-72E7E824AF37}.Debug|x64.Build.0 = Debug|Any CPU
		{6F6FA29B-7CF3-4429-99ED-72E7E824AF37}.Debug|x86.ActiveCfg = Debug|Any CPU
		{6F6FA29B-7CF3-4429-99ED-72E7E824AF37}.Debug|x86.Build.0 = Debug|Any CPU
		{6F6FA29B-7CF3-4429-99ED-72E7E824AF37}.Release|Any CPU.ActiveCfg = Release|Any CPU
		{6F6FA29B-7CF3-4429-99ED-72E7E824AF37}.Release|Any CPU.Build.0 = Release|Any CPU
		{6F6FA29B-7CF3-4429-99ED-72E7E824AF37}.Release|x64.ActiveCfg = Release|Any CPU
		{6F6FA29B-7CF3-4429-99ED-72E7E824AF37}.Release|x64.Build.0 = Release|Any CPU
		{6F6FA29B-7CF3-4429-99ED-72E7E824AF37}.Release|x86.ActiveCfg = Release|Any CPU
		{6F6FA29B-7CF3-4429-99ED-72E7E824AF37}.Release|x86.Build.0 = Release|Any CPU
		{4828A1BE-A969-43EE-AADE-2D71806B0E0C}.Debug|Any CPU.ActiveCfg = Debug|Any CPU
		{4828A1BE-A969-43EE-AADE-2D71806B0E0C}.Debug|Any CPU.Build.0 = Debug|Any CPU
		{4828A1BE-A969-43EE-AADE-2D71806B0E0C}.Debug|x64.ActiveCfg = Debug|Any CPU
		{4828A1BE-A969-43EE-AADE-2D71806B0E0C}.Debug|x64.Build.0 = Debug|Any CPU
		{4828A1BE-A969-43EE-AADE-2D71806B0E0C}.Debug|x86.ActiveCfg = Debug|Any CPU
		{4828A1BE-A969-43EE-AADE-2D71806B0E0C}.Debug|x86.Build.0 = Debug|Any CPU
		{4828A1BE-A969-43EE-AADE-2D71806B0E0C}.Release|Any CPU.ActiveCfg = Release|Any CPU
		{4828A1BE-A969-43EE-AADE-2D71806B0E0C}.Release|Any CPU.Build.0 = Release|Any CPU
		{4828A1BE-A969-43EE-AADE-2D71806B0E0C}.Release|x64.ActiveCfg = Release|Any CPU
		{4828A1BE-A969-43EE-AADE-2D71806B0E0C}.Release|x64.Build.0 = Release|Any CPU
		{4828A1BE-A969-43EE-AADE-2D71806B0E0C}.Release|x86.ActiveCfg = Release|Any CPU
		{4828A1BE-A969-43EE-AADE-2D71806B0E0C}.Release|x86.Build.0 = Release|Any CPU
		{646ABD18-3C77-5ECE-D6EA-5A9EB6CC3B31}.Debug|Any CPU.ActiveCfg = Debug|Any CPU
		{646ABD18-3C77-5ECE-D6EA-5A9EB6CC3B31}.Debug|Any CPU.Build.0 = Debug|Any CPU
		{646ABD18-3C77-5ECE-D6EA-5A9EB6CC3B31}.Debug|x64.ActiveCfg = Debug|Any CPU
		{646ABD18-3C77-5ECE-D6EA-5A9EB6CC3B31}.Debug|x64.Build.0 = Debug|Any CPU
		{646ABD18-3C77-5ECE-D6EA-5A9EB6CC3B31}.Debug|x86.ActiveCfg = Debug|Any CPU
		{646ABD18-3C77-5ECE-D6EA-5A9EB6CC3B31}.Debug|x86.Build.0 = Debug|Any CPU
		{646ABD18-3C77-5ECE-D6EA-5A9EB6CC3B31}.Release|Any CPU.ActiveCfg = Release|Any CPU
		{646ABD18-3C77-5ECE-D6EA-5A9EB6CC3B31}.Release|Any CPU.Build.0 = Release|Any CPU
		{646ABD18-3C77-5ECE-D6EA-5A9EB6CC3B31}.Release|x64.ActiveCfg = Release|Any CPU
		{646ABD18-3C77-5ECE-D6EA-5A9EB6CC3B31}.Release|x64.Build.0 = Release|Any CPU
		{646ABD18-3C77-5ECE-D6EA-5A9EB6CC3B31}.Release|x86.ActiveCfg = Release|Any CPU
		{646ABD18-3C77-5ECE-D6EA-5A9EB6CC3B31}.Release|x86.Build.0 = Release|Any CPU
		{4D0971AA-020C-487F-A783-55ACFEAB6FD9}.Debug|Any CPU.ActiveCfg = Debug|Any CPU
		{4D0971AA-020C-487F-A783-55ACFEAB6FD9}.Debug|Any CPU.Build.0 = Debug|Any CPU
		{4D0971AA-020C-487F-A783-55ACFEAB6FD9}.Debug|x64.ActiveCfg = Debug|Any CPU
		{4D0971AA-020C-487F-A783-55ACFEAB6FD9}.Debug|x64.Build.0 = Debug|Any CPU
		{4D0971AA-020C-487F-A783-55ACFEAB6FD9}.Debug|x86.ActiveCfg = Debug|Any CPU
		{4D0971AA-020C-487F-A783-55ACFEAB6FD9}.Debug|x86.Build.0 = Debug|Any CPU
		{4D0971AA-020C-487F-A783-55ACFEAB6FD9}.Release|Any CPU.ActiveCfg = Release|Any CPU
		{4D0971AA-020C-487F-A783-55ACFEAB6FD9}.Release|Any CPU.Build.0 = Release|Any CPU
		{4D0971AA-020C-487F-A783-55ACFEAB6FD9}.Release|x64.ActiveCfg = Release|Any CPU
		{4D0971AA-020C-487F-A783-55ACFEAB6FD9}.Release|x64.Build.0 = Release|Any CPU
		{4D0971AA-020C-487F-A783-55ACFEAB6FD9}.Release|x86.ActiveCfg = Release|Any CPU
		{4D0971AA-020C-487F-A783-55ACFEAB6FD9}.Release|x86.Build.0 = Release|Any CPU
	EndGlobalSection
	GlobalSection(SolutionProperties) = preSolution
		HideSolutionNode = FALSE
	EndGlobalSection
	GlobalSection(ExtensibilityGlobals) = postSolution
		SolutionGuid = {AA73E63F-30A3-4992-A9E3-72976B28A480}
	EndGlobalSection
EndGlobal
